
Microsoft Visual Studio Solution File, Format Version 12.00
# Visual Studio Version 17
VisualStudioVersion = 17.13.35825.156 d17.13
MinimumVisualStudioVersion = 10.0.40219.1
Project("{FAE04EC0-301F-11D3-BF4B-00C04F79EFBC}") = "AnalisisVentas.ETL", "AnalisisVentas.ETL.csproj", "{42B54C4E-F168-4CDB-AD1D-90FE02A43506}"
EndProject
Global
	GlobalSection(SolutionConfigurationPlatforms) = preSolution
		Debug|Any CPU = Debug|Any CPU
		Release|Any CPU = Release|Any CPU
	EndGlobalSection
	GlobalSection(ProjectConfigurationPlatforms) = postSolution
		{42B54C4E-F168-4CDB-AD1D-90FE02A43506}.Debug|Any CPU.ActiveCfg = Debug|Any CPU
		{42B54C4E-F168-4CDB-AD1D-90FE02A43506}.Debug|Any CPU.Build.0 = Debug|Any CPU
		{42B54C4E-F168-4CDB-AD1D-90FE02A43506}.Release|Any CPU.ActiveCfg = Release|Any CPU
		{42B54C4E-F168-4CDB-AD1D-90FE02A43506}.Release|Any CPU.Build.0 = Release|Any CPU
	EndGlobalSection
	GlobalSection(SolutionProperties) = preSolution
		HideSolutionNode = FALSE
	EndGlobalSection
	GlobalSection(ExtensibilityGlobals) = postSolution
		SolutionGuid = {F19422A7-3886-4D40-9F6D-2BA74987213A}
	EndGlobalSection
EndGlobal
